
Microsoft Visual Studio Solution File, Format Version 12.00
# Visual Studio 15
VisualStudioVersion = 15.0.26730.16
MinimumVisualStudioVersion = 10.0.40219.1
Project("{FAE04EC0-301F-11D3-BF4B-00C04F79EFBC}") = "Algorithmes", "Algorithmes\Algorithmes.csproj", "{D5CF8F2D-4768-4244-89EA-5561974C20FB}"
EndProject
Global
	GlobalSection(SolutionConfigurationPlatforms) = preSolution
		Debug|Any CPU = Debug|Any CPU
		Release|Any CPU = Release|Any CPU
	EndGlobalSection
	GlobalSection(ProjectConfigurationPlatforms) = postSolution
		{D5CF8F2D-4768-4244-89EA-5561974C20FB}.Debug|Any CPU.ActiveCfg = Debug|Any CPU
		{D5CF8F2D-4768-4244-89EA-5561974C20FB}.Debug|Any CPU.Build.0 = Debug|Any CPU
		{D5CF8F2D-4768-4244-89EA-5561974C20FB}.Release|Any CPU.ActiveCfg = Release|Any CPU
		{D5CF8F2D-4768-4244-89EA-5561974C20FB}.Release|Any CPU.Build.0 = Release|Any CPU
	EndGlobalSection
	GlobalSection(SolutionProperties) = preSolution
		HideSolutionNode = FALSE
	EndGlobalSection
	GlobalSection(ExtensibilityGlobals) = postSolution
		SolutionGuid = {26192355-7DAF-4C0B-B4E3-DA6D71A80BDA}
	EndGlobalSection
EndGlobal
